
Microsoft Visual Studio Solution File, Format Version 12.00
# Visual Studio Version 17
VisualStudioVersion = 17.7.34024.191
MinimumVisualStudioVersion = 10.0.40219.1
Project("{9A19103F-16F7-4668-BE54-9A1E7A4F7556}") = "OP1", "OP1\OP1.csproj", "{047F97A5-583F-4633-8DCC-B4B34D25959B}"
EndProject
Global
	GlobalSection(SolutionConfigurationPlatforms) = preSolution
		Debug|Any CPU = Debug|Any CPU
		Release|Any CPU = Release|Any CPU
	EndGlobalSection
	GlobalSection(ProjectConfigurationPlatforms) = postSolution
		{047F97A5-583F-4633-8DCC-B4B34D25959B}.Debug|Any CPU.ActiveCfg = Debug|Any CPU
		{047F97A5-583F-4633-8DCC-B4B34D25959B}.Debug|Any CPU.Build.0 = Debug|Any CPU
		{047F97A5-583F-4633-8DCC-B4B34D25959B}.Release|Any CPU.ActiveCfg = Release|Any CPU
		{047F97A5-583F-4633-8DCC-B4B34D25959B}.Release|Any CPU.Build.0 = Release|Any CPU
	EndGlobalSection
	GlobalSection(SolutionProperties) = preSolution
		HideSolutionNode = FALSE
	EndGlobalSection
	GlobalSection(ExtensibilityGlobals) = postSolution
		SolutionGuid = {616FE5C1-48DE-4EF5-9ACC-0007BE7FE622}
	EndGlobalSection
EndGlobal
